// !$*UTF8*$!
{
	archiveVersion = 1;
	classes = {
	};
	objectVersion = 50;
	objects = {

/* Begin PBXBuildFile section */
		E4339E5925CD75B900340713 /* AppDelegate.swift in Sources */ = {isa = PBXBuildFile; fileRef = E4339E5825CD75B900340713 /* AppDelegate.swift */; };
		E4339E5B25CD75B900340713 /* SceneDelegate.swift in Sources */ = {isa = PBXBuildFile; fileRef = E4339E5A25CD75B900340713 /* SceneDelegate.swift */; };
		E4339E5D25CD75B900340713 /* ViewController.swift in Sources */ = {isa = PBXBuildFile; fileRef = E4339E5C25CD75B900340713 /* ViewController.swift */; };
		E4339E6025CD75B900340713 /* Main.storyboard in Resources */ = {isa = PBXBuildFile; fileRef = E4339E5E25CD75B900340713 /* Main.storyboard */; };
		E4339E6225CD75BA00340713 /* Assets.xcassets in Resources */ = {isa = PBXBuildFile; fileRef = E4339E6125CD75BA00340713 /* Assets.xcassets */; };
		E4339E6525CD75BA00340713 /* LaunchScreen.storyboard in Resources */ = {isa = PBXBuildFile; fileRef = E4339E6325CD75BA00340713 /* LaunchScreen.storyboard */; };
		E49D19C825D3D6180023CC0C /* PlaylistHeaderView.swift in Sources */ = {isa = PBXBuildFile; fileRef = E49D19C725D3D6180023CC0C /* PlaylistHeaderView.swift */; };
		E49D19CB25D409540023CC0C /* Track.swift in Sources */ = {isa = PBXBuildFile; fileRef = E49D19CA25D409540023CC0C /* Track.swift */; };
		E49D19CE25D416A60023CC0C /* TrackCell.swift in Sources */ = {isa = PBXBuildFile; fileRef = E49D19CD25D416A60023CC0C /* TrackCell.swift */; };
		E4E82E6425D2D5A300CBC55A /* FeaturedPlaylistCell.swift in Sources */ = {isa = PBXBuildFile; fileRef = E4E82E6325D2D5A300CBC55A /* FeaturedPlaylistCell.swift */; };
		E4E82E6725D2DA8E00CBC55A /* Playlists.plist in Resources */ = {isa = PBXBuildFile; fileRef = E4E82E6625D2DA8E00CBC55A /* Playlists.plist */; };
		E4E82E6A25D2DDA400CBC55A /* DataSource.swift in Sources */ = {isa = PBXBuildFile; fileRef = E4E82E6925D2DDA400CBC55A /* DataSource.swift */; };
		E4E82E6D25D2DE6F00CBC55A /* PlaylistCollection.swift in Sources */ = {isa = PBXBuildFile; fileRef = E4E82E6C25D2DE6F00CBC55A /* PlaylistCollection.swift */; };
		E4E82E7025D2DED600CBC55A /* Playlist.swift in Sources */ = {isa = PBXBuildFile; fileRef = E4E82E6F25D2DED600CBC55A /* Playlist.swift */; };
		E4F5507E25D3703300AD8428 /* CommonPlaylistCell.swift in Sources */ = {isa = PBXBuildFile; fileRef = E4F5507D25D3703300AD8428 /* CommonPlaylistCell.swift */; };
/* End PBXBuildFile section */

/* Begin PBXFileReference section */
		E4339E5525CD75B900340713 /* Groove.app */ = {isa = PBXFileReference; explicitFileType = wrapper.application; includeInIndex = 0; path = Groove.app; sourceTree = BUILT_PRODUCTS_DIR; };
		E4339E5825CD75B900340713 /* AppDelegate.swift */ = {isa = PBXFileReference; lastKnownFileType = sourcecode.swift; path = AppDelegate.swift; sourceTree = "<group>"; };
		E4339E5A25CD75B900340713 /* SceneDelegate.swift */ = {isa = PBXFileReference; lastKnownFileType = sourcecode.swift; path = SceneDelegate.swift; sourceTree = "<group>"; };
		E4339E5C25CD75B900340713 /* ViewController.swift */ = {isa = PBXFileReference; lastKnownFileType = sourcecode.swift; path = ViewController.swift; sourceTree = "<group>"; };
		E4339E5F25CD75B900340713 /* Base */ = {isa = PBXFileReference; lastKnownFileType = file.storyboard; name = Base; path = Base.lproj/Main.storyboard; sourceTree = "<group>"; };
		E4339E6125CD75BA00340713 /* Assets.xcassets */ = {isa = PBXFileReference; lastKnownFileType = folder.assetcatalog; path = Assets.xcassets; sourceTree = "<group>"; };
		E4339E6425CD75BA00340713 /* Base */ = {isa = PBXFileReference; lastKnownFileType = file.storyboard; name = Base; path = Base.lproj/LaunchScreen.storyboard; sourceTree = "<group>"; };
		E4339E6625CD75BA00340713 /* Info.plist */ = {isa = PBXFileReference; lastKnownFileType = text.plist.xml; path = Info.plist; sourceTree = "<group>"; };
		E49D19C725D3D6180023CC0C /* PlaylistHeaderView.swift */ = {isa = PBXFileReference; lastKnownFileType = sourcecode.swift; path = PlaylistHeaderView.swift; sourceTree = "<group>"; };
		E49D19CA25D409540023CC0C /* Track.swift */ = {isa = PBXFileReference; lastKnownFileType = sourcecode.swift; path = Track.swift; sourceTree = "<group>"; };
		E49D19CD25D416A60023CC0C /* TrackCell.swift */ = {isa = PBXFileReference; lastKnownFileType = sourcecode.swift; path = TrackCell.swift; sourceTree = "<group>"; };
		E4E82E6325D2D5A300CBC55A /* FeaturedPlaylistCell.swift */ = {isa = PBXFileReference; lastKnownFileType = sourcecode.swift; path = FeaturedPlaylistCell.swift; sourceTree = "<group>"; };
		E4E82E6625D2DA8E00CBC55A /* Playlists.plist */ = {isa = PBXFileReference; lastKnownFileType = text.plist.xml; path = Playlists.plist; sourceTree = "<group>"; };
		E4E82E6925D2DDA400CBC55A /* DataSource.swift */ = {isa = PBXFileReference; lastKnownFileType = sourcecode.swift; path = DataSource.swift; sourceTree = "<group>"; };
		E4E82E6C25D2DE6F00CBC55A /* PlaylistCollection.swift */ = {isa = PBXFileReference; lastKnownFileType = sourcecode.swift; path = PlaylistCollection.swift; sourceTree = "<group>"; };
		E4E82E6F25D2DED600CBC55A /* Playlist.swift */ = {isa = PBXFileReference; lastKnownFileType = sourcecode.swift; path = Playlist.swift; sourceTree = "<group>"; };
		E4F5507D25D3703300AD8428 /* CommonPlaylistCell.swift */ = {isa = PBXFileReference; lastKnownFileType = sourcecode.swift; path = CommonPlaylistCell.swift; sourceTree = "<group>"; };
/* End PBXFileReference section */

/* Begin PBXFrameworksBuildPhase section */
		E4339E5225CD75B900340713 /* Frameworks */ = {
			isa = PBXFrameworksBuildPhase;
			buildActionMask = 2147483647;
			files = (
			);
			runOnlyForDeploymentPostprocessing = 0;
		};
/* End PBXFrameworksBuildPhase section */

/* Begin PBXGroup section */
		E4339E4C25CD75B900340713 = {
			isa = PBXGroup;
			children = (
				E4339E5725CD75B900340713 /* Groove */,
				E4339E5625CD75B900340713 /* Products */,
			);
			sourceTree = "<group>";
		};
		E4339E5625CD75B900340713 /* Products */ = {
			isa = PBXGroup;
			children = (
				E4339E5525CD75B900340713 /* Groove.app */,
			);
			name = Products;
			sourceTree = "<group>";
		};
		E4339E5725CD75B900340713 /* Groove */ = {
			isa = PBXGroup;
			children = (
				E4E82E7425D2E16C00CBC55A /* Views */,
				E4E82E7325D2E15500CBC55A /* Data */,
				E4E82E7225D2E14500CBC55A /* Models */,
				E4339E5825CD75B900340713 /* AppDelegate.swift */,
				E4339E5A25CD75B900340713 /* SceneDelegate.swift */,
				E4339E5C25CD75B900340713 /* ViewController.swift */,
				E4339E5E25CD75B900340713 /* Main.storyboard */,
				E4339E6125CD75BA00340713 /* Assets.xcassets */,
				E4339E6325CD75BA00340713 /* LaunchScreen.storyboard */,
				E4339E6625CD75BA00340713 /* Info.plist */,
			);
			path = Groove;
			sourceTree = "<group>";
		};
		E4E82E7225D2E14500CBC55A /* Models */ = {
			isa = PBXGroup;
			children = (
				E4E82E6C25D2DE6F00CBC55A /* PlaylistCollection.swift */,
				E4E82E6F25D2DED600CBC55A /* Playlist.swift */,
				E49D19CA25D409540023CC0C /* Track.swift */,
			);
			path = Models;
			sourceTree = "<group>";
		};
		E4E82E7325D2E15500CBC55A /* Data */ = {
			isa = PBXGroup;
			children = (
				E4E82E6625D2DA8E00CBC55A /* Playlists.plist */,
				E4E82E6925D2DDA400CBC55A /* DataSource.swift */,
			);
			path = Data;
			sourceTree = "<group>";
		};
		E4E82E7425D2E16C00CBC55A /* Views */ = {
			isa = PBXGroup;
			children = (
				E4E82E6325D2D5A300CBC55A /* FeaturedPlaylistCell.swift */,
				E4F5507D25D3703300AD8428 /* CommonPlaylistCell.swift */,
				E49D19C725D3D6180023CC0C /* PlaylistHeaderView.swift */,
				E49D19CD25D416A60023CC0C /* TrackCell.swift */,
			);
			path = Views;
			sourceTree = "<group>";
		};
/* End PBXGroup section */

/* Begin PBXNativeTarget section */
		E4339E5425CD75B900340713 /* Groove */ = {
			isa = PBXNativeTarget;
			buildConfigurationList = E4339E6925CD75BA00340713 /* Build configuration list for PBXNativeTarget "Groove" */;
			buildPhases = (
				E4339E5125CD75B900340713 /* Sources */,
				E4339E5225CD75B900340713 /* Frameworks */,
				E4339E5325CD75B900340713 /* Resources */,
			);
			buildRules = (
			);
			dependencies = (
			);
			name = Groove;
			productName = Groove;
			productReference = E4339E5525CD75B900340713 /* Groove.app */;
			productType = "com.apple.product-type.application";
		};
/* End PBXNativeTarget section */

/* Begin PBXProject section */
		E4339E4D25CD75B900340713 /* Project object */ = {
			isa = PBXProject;
			attributes = {
				LastSwiftUpdateCheck = 1230;
				LastUpgradeCheck = 1230;
				TargetAttributes = {
					E4339E5425CD75B900340713 = {
						CreatedOnToolsVersion = 12.3;
					};
				};
			};
			buildConfigurationList = E4339E5025CD75B900340713 /* Build configuration list for PBXProject "Groove" */;
			compatibilityVersion = "Xcode 9.3";
			developmentRegion = en;
			hasScannedForEncodings = 0;
			knownRegions = (
				en,
				Base,
			);
			mainGroup = E4339E4C25CD75B900340713;
			productRefGroup = E4339E5625CD75B900340713 /* Products */;
			projectDirPath = "";
			projectRoot = "";
			targets = (
				E4339E5425CD75B900340713 /* Groove */,
			);
		};
/* End PBXProject section */

/* Begin PBXResourcesBuildPhase section */
		E4339E5325CD75B900340713 /* Resources */ = {
			isa = PBXResourcesBuildPhase;
			buildActionMask = 2147483647;
			files = (
				E4339E6525CD75BA00340713 /* LaunchScreen.storyboard in Resources */,
				E4339E6225CD75BA00340713 /* Assets.xcassets in Resources */,
				E4E82E6725D2DA8E00CBC55A /* Playlists.plist in Resources */,
				E4339E6025CD75B900340713 /* Main.storyboard in Resources */,
			);
			runOnlyForDeploymentPostprocessing = 0;
		};
/* End PBXResourcesBuildPhase section */

/* Begin PBXSourcesBuildPhase section */
		E4339E5125CD75B900340713 /* Sources */ = {
			isa = PBXSourcesBuildPhase;
			buildActionMask = 2147483647;
			files = (
				E4339E5D25CD75B900340713 /* ViewController.swift in Sources */,
				E49D19CB25D409540023CC0C /* Track.swift in Sources */,
				E4339E5925CD75B900340713 /* AppDelegate.swift in Sources */,
				E4339E5B25CD75B900340713 /* SceneDelegate.swift in Sources */,
				E4E82E7025D2DED600CBC55A /* Playlist.swift in Sources */,
				E49D19CE25D416A60023CC0C /* TrackCell.swift in Sources */,
				E4E82E6D25D2DE6F00CBC55A /* PlaylistCollection.swift in Sources */,
				E4E82E6A25D2DDA400CBC55A /* DataSource.swift in Sources */,
				E4F5507E25D3703300AD8428 /* CommonPlaylistCell.swift in Sources */,
				E4E82E6425D2D5A300CBC55A /* FeaturedPlaylistCell.swift in Sources */,
				E49D19C825D3D6180023CC0C /* PlaylistHeaderView.swift in Sources */,
			);
			runOnlyForDeploymentPostprocessing = 0;
		};
/* End PBXSourcesBuildPhase section */

/* Begin PBXVariantGroup section */
		E4339E5E25CD75B900340713 /* Main.storyboard */ = {
			isa = PBXVariantGroup;
			children = (
				E4339E5F25CD75B900340713 /* Base */,
			);
			name = Main.storyboard;
			sourceTree = "<group>";
		};
		E4339E6325CD75BA00340713 /* LaunchScreen.storyboard */ = {
			isa = PBXVariantGroup;
			children = (
				E4339E6425CD75BA00340713 /* Base */,
			);
			name = LaunchScreen.storyboard;
			sourceTree = "<group>";
		};
/* End PBXVariantGroup section */

/* Begin XCBuildConfiguration section */
		E4339E6725CD75BA00340713 /* Debug */ = {
			isa = XCBuildConfiguration;
			buildSettings = {
				ALWAYS_SEARCH_USER_PATHS = NO;
				CLANG_ANALYZER_NONNULL = YES;
				CLANG_ANALYZER_NUMBER_OBJECT_CONVERSION = YES_AGGRESSIVE;
				CLANG_CXX_LANGUAGE_STANDARD = "gnu++14";
				CLANG_CXX_LIBRARY = "libc++";
				CLANG_ENABLE_MODULES = YES;
				CLANG_ENABLE_OBJC_ARC = YES;
				CLANG_ENABLE_OBJC_WEAK = YES;
				CLANG_WARN_BLOCK_CAPTURE_AUTORELEASING = YES;
				CLANG_WARN_BOOL_CONVERSION = YES;
				CLANG_WARN_COMMA = YES;
				CLANG_WARN_CONSTANT_CONVERSION = YES;
				CLANG_WARN_DEPRECATED_OBJC_IMPLEMENTATIONS = YES;
				CLANG_WARN_DIRECT_OBJC_ISA_USAGE = YES_ERROR;
				CLANG_WARN_DOCUMENTATION_COMMENTS = YES;
				CLANG_WARN_EMPTY_BODY = YES;
				CLANG_WARN_ENUM_CONVERSION = YES;
				CLANG_WARN_INFINITE_RECURSION = YES;
				CLANG_WARN_INT_CONVERSION = YES;
				CLANG_WARN_NON_LITERAL_NULL_CONVERSION = YES;
				CLANG_WARN_OBJC_IMPLICIT_RETAIN_SELF = YES;
				CLANG_WARN_OBJC_LITERAL_CONVERSION = YES;
				CLANG_WARN_OBJC_ROOT_CLASS = YES_ERROR;
				CLANG_WARN_QUOTED_INCLUDE_IN_FRAMEWORK_HEADER = YES;
				CLANG_WARN_RANGE_LOOP_ANALYSIS = YES;
				CLANG_WARN_STRICT_PROTOTYPES = YES;
				CLANG_WARN_SUSPICIOUS_MOVE = YES;
				CLANG_WARN_UNGUARDED_AVAILABILITY = YES_AGGRESSIVE;
				CLANG_WARN_UNREACHABLE_CODE = YES;
				CLANG_WARN__DUPLICATE_METHOD_MATCH = YES;
				COPY_PHASE_STRIP = NO;
				DEBUG_INFORMATION_FORMAT = dwarf;
				ENABLE_STRICT_OBJC_MSGSEND = YES;
				ENABLE_TESTABILITY = YES;
				GCC_C_LANGUAGE_STANDARD = gnu11;
				GCC_DYNAMIC_NO_PIC = NO;
				GCC_NO_COMMON_BLOCKS = YES;
				GCC_OPTIMIZATION_LEVEL = 0;
				GCC_PREPROCESSOR_DEFINITIONS = (
					"DEBUG=1",
					"$(inherited)",
				);
				GCC_WARN_64_TO_32_BIT_CONVERSION = YES;
				GCC_WARN_ABOUT_RETURN_TYPE = YES_ERROR;
				GCC_WARN_UNDECLARED_SELECTOR = YES;
				GCC_WARN_UNINITIALIZED_AUTOS = YES_AGGRESSIVE;
				GCC_WARN_UNUSED_FUNCTION = YES;
				GCC_WARN_UNUSED_VARIABLE = YES;
				IPHONEOS_DEPLOYMENT_TARGET = 14.3;
				MTL_ENABLE_DEBUG_INFO = INCLUDE_SOURCE;
				MTL_FAST_MATH = YES;
				ONLY_ACTIVE_ARCH = YES;
				SDKROOT = iphoneos;
				SWIFT_ACTIVE_COMPILATION_CONDITIONS = DEBUG;
				SWIFT_OPTIMIZATION_LEVEL = "-Onone";
			};
			name = Debug;
		};
		E4339E6825CD75BA00340713 /* Release */ = {
			isa = XCBuildConfiguration;
			buildSettings = {
				ALWAYS_SEARCH_USER_PATHS = NO;
				CLANG_ANALYZER_NONNULL = YES;
				CLANG_ANALYZER_NUMBER_OBJECT_CONVERSION = YES_AGGRESSIVE;
				CLANG_CXX_LANGUAGE_STANDARD = "gnu++14";
				CLANG_CXX_LIBRARY = "libc++";
				CLANG_ENABLE_MODULES = YES;
				CLANG_ENABLE_OBJC_ARC = YES;
				CLANG_ENABLE_OBJC_WEAK = YES;
				CLANG_WARN_BLOCK_CAPTURE_AUTORELEASING = YES;
				CLANG_WARN_BOOL_CONVERSION = YES;
				CLANG_WARN_COMMA = YES;
				CLANG_WARN_CONSTANT_CONVERSION = YES;
				CLANG_WARN_DEPRECATED_OBJC_IMPLEMENTATIONS = YES;
				CLANG_WARN_DIRECT_OBJC_ISA_USAGE = YES_ERROR;
				CLANG_WARN_DOCUMENTATION_COMMENTS = YES;
				CLANG_WARN_EMPTY_BODY = YES;
				CLANG_WARN_ENUM_CONVERSION = YES;
				CLANG_WARN_INFINITE_RECURSION = YES;
				CLANG_WARN_INT_CONVERSION = YES;
				CLANG_WARN_NON_LITERAL_NULL_CONVERSION = YES;
				CLANG_WARN_OBJC_IMPLICIT_RETAIN_SELF = YES;
				CLANG_WARN_OBJC_LITERAL_CONVERSION = YES;
				CLANG_WARN_OBJC_ROOT_CLASS = YES_ERROR;
				CLANG_WARN_QUOTED_INCLUDE_IN_FRAMEWORK_HEADER = YES;
				CLANG_WARN_RANGE_LOOP_ANALYSIS = YES;
				CLANG_WARN_STRICT_PROTOTYPES = YES;
				CLANG_WARN_SUSPICIOUS_MOVE = YES;
				CLANG_WARN_UNGUARDED_AVAILABILITY = YES_AGGRESSIVE;
				CLANG_WARN_UNREACHABLE_CODE = YES;
				CLANG_WARN__DUPLICATE_METHOD_MATCH = YES;
				COPY_PHASE_STRIP = NO;
				DEBUG_INFORMATION_FORMAT = "dwarf-with-dsym";
				ENABLE_NS_ASSERTIONS = NO;
				ENABLE_STRICT_OBJC_MSGSEND = YES;
				GCC_C_LANGUAGE_STANDARD = gnu11;
				GCC_NO_COMMON_BLOCKS = YES;
				GCC_WARN_64_TO_32_BIT_CONVERSION = YES;
				GCC_WARN_ABOUT_RETURN_TYPE = YES_ERROR;
				GCC_WARN_UNDECLARED_SELECTOR = YES;
				GCC_WARN_UNINITIALIZED_AUTOS = YES_AGGRESSIVE;
				GCC_WARN_UNUSED_FUNCTION = YES;
				GCC_WARN_UNUSED_VARIABLE = YES;
				IPHONEOS_DEPLOYMENT_TARGET = 14.3;
				MTL_ENABLE_DEBUG_INFO = NO;
				MTL_FAST_MATH = YES;
				SDKROOT = iphoneos;
				SWIFT_COMPILATION_MODE = wholemodule;
				SWIFT_OPTIMIZATION_LEVEL = "-O";
				VALIDATE_PRODUCT = YES;
			};
			name = Release;
		};
		E4339E6A25CD75BA00340713 /* Debug */ = {
			isa = XCBuildConfiguration;
			buildSettings = {
				ASSETCATALOG_COMPILER_APPICON_NAME = AppIcon;
				ASSETCATALOG_COMPILER_GLOBAL_ACCENT_COLOR_NAME = AccentColor;
				CODE_SIGN_STYLE = Automatic;
				DEVELOPMENT_TEAM = QZA35QY3B5;
				INFOPLIST_FILE = Groove/Info.plist;
				LD_RUNPATH_SEARCH_PATHS = (
					"$(inherited)",
					"@executable_path/Frameworks",
				);
				PRODUCT_BUNDLE_IDENTIFIER = com.groove..imhojang.Groove;
				PRODUCT_NAME = "$(TARGET_NAME)";
				SWIFT_VERSION = 5.0;
				TARGETED_DEVICE_FAMILY = "1,2";
			};
			name = Debug;
		};
		E4339E6B25CD75BA00340713 /* Release */ = {
			isa = XCBuildConfiguration;
			buildSettings = {
				ASSETCATALOG_COMPILER_APPICON_NAME = AppIcon;
				ASSETCATALOG_COMPILER_GLOBAL_ACCENT_COLOR_NAME = AccentColor;
				CODE_SIGN_STYLE = Automatic;
				DEVELOPMENT_TEAM = QZA35QY3B5;
				INFOPLIST_FILE = Groove/Info.plist;
				LD_RUNPATH_SEARCH_PATHS = (
					"$(inherited)",
					"@executable_path/Frameworks",
				);
				PRODUCT_BUNDLE_IDENTIFIER = com.groove..imhojang.Groove;
				PRODUCT_NAME = "$(TARGET_NAME)";
				SWIFT_VERSION = 5.0;
				TARGETED_DEVICE_FAMILY = "1,2";
			};
			name = Release;
		};
/* End XCBuildConfiguration section */

/* Begin XCConfigurationList section */
		E4339E5025CD75B900340713 /* Build configuration list for PBXProject "Groove" */ = {
			isa = XCConfigurationList;
			buildConfigurations = (
				E4339E6725CD75BA00340713 /* Debug */,
				E4339E6825CD75BA00340713 /* Release */,
			);
			defaultConfigurationIsVisible = 0;
			defaultConfigurationName = Release;
		};
		E4339E6925CD75BA00340713 /* Build configuration list for PBXNativeTarget "Groove" */ = {
			isa = XCConfigurationList;
			buildConfigurations = (
				E4339E6A25CD75BA00340713 /* Debug */,
				E4339E6B25CD75BA00340713 /* Release */,
			);
			defaultConfigurationIsVisible = 0;
			defaultConfigurationName = Release;
		};
/* End XCConfigurationList section */
	};
	rootObject = E4339E4D25CD75B900340713 /* Project object */;
}
